name: 000 TAIRID v4.91 Weighted Covariance Formula Lock

on:
  workflow_dispatch:
  push:
    paths:
      - ".github/workflows/000-tairid-v4-91-weighted-covariance-formula-lock.yml"

jobs:
  tairid-v4-91-weighted-covariance-formula-lock:
    runs-on: ubuntu-latest

    permissions:
      contents: read

    env:
      FORCE_JAVASCRIPT_ACTIONS_TO_NODE24: "true"

    steps:
      - name: Checkout repository
        uses: actions/checkout@v4

      - name: Run TAIRID v4.91 weighted covariance formula lock
        shell: bash
        run: |
          mkdir -p artifacts/tairid_v4_91_weighted_covariance_formula_lock

          python - <<'PY'
          import csv
          import json
          from datetime import datetime, timezone
          from pathlib import Path

          OUTDIR = Path("artifacts/tairid_v4_91_weighted_covariance_formula_lock")
          OUTDIR.mkdir(parents=True, exist_ok=True)

          RUN_ID = "tairid_v4_91_weighted_covariance_formula_lock"

          TRUTH_BOUNDARY = [
              "This is not a TAIRID validation test.",
              "This does not prove new physics.",
              "This does not solve H0.",
              "This does not disprove standard cosmology.",
              "This does not compute final RSD pressure.",
              "This does not compute a combined growth score.",
              "This does not compute a combined growth covariance.",
              "This does not download the full Planck fullGrid zip.",
              "This does not import full Planck chains.",
              "This does not parse additional chain sample files.",
              "This does not run CAMB.",
              "This does not compute weighted mean values.",
              "This does not compute a weighted covariance matrix.",
              "This does not compute Planck reference uncertainty.",
              "This locks the formula contract for weighted posterior mean and covariance after v4.90 produced 12 complete sample output vectors.",
              "A pass means the covariance formula path is specified and ready for a tiny micro-covariance probe."
          ]

          UPSTREAM_LOCKS = {
              "v4_90_sample_packet_microbatch_solver_probe": {
                  "readiness_label": "sample_packet_microbatch_solver_probe_passed_ready_for_weighted_covariance_formula_lock",
                  "sample_output_vectors_computed": True,
                  "sample_output_vector_count": 12,
                  "solver_record_count": 12,
                  "vector_component_record_count": 120,
                  "all_solver_records_complete": True,
                  "all_output_vectors_complete": True,
                  "all_weights_preserved": True,
                  "all_orientations_reversed": True,
                  "weighted_mean_vector_computed": False,
                  "weighted_covariance_matrix_computed": False,
                  "Planck_reference_uncertainty_computed": False,
                  "final_RSD_pressure_score_computed": False,
                  "TAIRID_validation_claim_allowed": False
              },
              "v4_89_sample_packet_microbatch_solver_design": {
                  "readiness_label": "sample_packet_microbatch_solver_design_passed_ready_for_sample_packet_microbatch_solver_probe",
                  "sample_packet_count": 12,
                  "output_vector_dimension": 10,
                  "locked_orientation": "reversed_raw_order",
                  "weighted_mean_vector_computed": False,
                  "weighted_covariance_matrix_computed": False
              },
              "v4_85_single_fixture_output_shape_and_orientation_lock": {
                  "locked_orientation": "reversed_raw_order",
                  "orientation_locked_for_next_test": True,
                  "Planck_reference_uncertainty_computed": False
              }
          }

          OUTPUT_VECTOR_SCHEMA = [
              {"position": 0, "quantity": "sigma8z", "z": 0.15, "target_name": "sigma8z015", "fsigma8_only_index": ""},
              {"position": 1, "quantity": "fsigma8", "z": 0.15, "target_name": "fsigma8z015", "fsigma8_only_index": 0},
              {"position": 2, "quantity": "sigma8z", "z": 0.38, "target_name": "sigma8z038", "fsigma8_only_index": ""},
              {"position": 3, "quantity": "fsigma8", "z": 0.38, "target_name": "fsigma8z038", "fsigma8_only_index": 1},
              {"position": 4, "quantity": "sigma8z", "z": 0.51, "target_name": "sigma8z051", "fsigma8_only_index": ""},
              {"position": 5, "quantity": "fsigma8", "z": 0.51, "target_name": "fsigma8z051", "fsigma8_only_index": 2},
              {"position": 6, "quantity": "sigma8z", "z": 0.61, "target_name": "sigma8z061", "fsigma8_only_index": ""},
              {"position": 7, "quantity": "fsigma8", "z": 0.61, "target_name": "fsigma8z061", "fsigma8_only_index": 3},
              {"position": 8, "quantity": "sigma8z", "z": 2.33, "target_name": "sigma8z233", "fsigma8_only_index": ""},
              {"position": 9, "quantity": "fsigma8", "z": 2.33, "target_name": "fsigma8z233", "fsigma8_only_index": 4}
          ]

          WEIGHTED_FORMULA_CONTRACT = [
              {
                  "formula_id": "weight_total",
                  "symbolic_formula": "W = sum_i w_i",
                  "plain_language": "Total posterior sample weight.",
                  "computed_now": False,
                  "needed_for": "Normalize weighted mean and covariance."
              },
              {
                  "formula_id": "normalized_weight",
                  "symbolic_formula": "p_i = w_i / W",
                  "plain_language": "Each sample weight divided by total weight.",
                  "computed_now": False,
                  "needed_for": "Posterior expectation estimates."
              },
              {
                  "formula_id": "weighted_mean_vector",
                  "symbolic_formula": "mu = sum_i p_i x_i",
                  "plain_language": "Weighted mean of the 10-dimensional sigma8z/fsigma8 target vectors.",
                  "computed_now": False,
                  "needed_for": "Reference mean vector."
              },
              {
                  "formula_id": "weighted_population_covariance",
                  "symbolic_formula": "C = sum_i p_i (x_i - mu)(x_i - mu)^T",
                  "plain_language": "Posterior covariance estimate using normalized sample weights; no Bessel correction for the reference posterior expectation.",
                  "computed_now": False,
                  "needed_for": "Reference covariance."
              },
              {
                  "formula_id": "symmetrized_covariance",
                  "symbolic_formula": "C_sym = (C + C^T) / 2",
                  "plain_language": "Numerical cleanup to force exact matrix symmetry after computation.",
                  "computed_now": False,
                  "needed_for": "Stable covariance use."
              },
              {
                  "formula_id": "effective_sample_size",
                  "symbolic_formula": "N_eff = W^2 / sum_i w_i^2",
                  "plain_language": "Diagnostic only; tells whether weights are concentrated in too few samples.",
                  "computed_now": False,
                  "needed_for": "Quality warning, not final claim."
              }
          ]

          MATRIX_OBJECT_CONTRACT = [
              {
                  "object_name": "full_target_matrix_X",
                  "shape": "N x 10",
                  "contents": "One 10-dimensional sigma8z/fsigma8 vector per sample.",
                  "computed_now": False,
                  "source": "v4.90 sample_output_vectors"
              },
              {
                  "object_name": "weight_vector_w",
                  "shape": "N",
                  "contents": "Posterior sample weights preserved beside output vectors.",
                  "computed_now": False,
                  "source": "v4.90 sample_output_vectors"
              },
              {
                  "object_name": "weighted_mean_vector_mu",
                  "shape": "10",
                  "contents": "Weighted posterior mean vector.",
                  "computed_now": False,
                  "source": "future v4.92 micro covariance probe"
              },
              {
                  "object_name": "weighted_covariance_C10",
                  "shape": "10 x 10",
                  "contents": "Weighted covariance across sigma8z and fsigma8 target vector components.",
                  "computed_now": False,
                  "source": "future v4.92 micro covariance probe"
              },
              {
                  "object_name": "fsigma8_mean_vector_mu5",
                  "shape": "5",
                  "contents": "Weighted mean vector for fsigma8-only RSD comparison.",
                  "computed_now": False,
                  "source": "subselect positions 1,3,5,7,9 from mu"
              },
              {
                  "object_name": "fsigma8_covariance_C5",
                  "shape": "5 x 5",
                  "contents": "Sub-covariance for fsigma8-only RSD comparison.",
                  "computed_now": False,
                  "source": "subselect rows/cols 1,3,5,7,9 from C10"
              }
          ]

          INDEX_CONTRACT = [
              {"index_role": "full_vector_positions", "indexes": "0,1,2,3,4,5,6,7,8,9", "meaning": "Full sigma8z/fsigma8 interleaved target vector."},
              {"index_role": "sigma8z_positions", "indexes": "0,2,4,6,8", "meaning": "sigma8z components only."},
              {"index_role": "fsigma8_positions", "indexes": "1,3,5,7,9", "meaning": "fsigma8 components only for RSD comparison."},
              {"index_role": "redshift_order", "indexes": "0.15,0.38,0.51,0.61,2.33", "meaning": "Ascending target redshift order after reversing raw CAMB arrays."}
          ]

          QUALITY_GATES_FOR_NEXT_PROBE = [
              {
                  "gate_id": "weights_positive",
                  "requirement": "All sample weights must be positive finite numbers.",
                  "failure_action": "Do not compute covariance."
              },
              {
                  "gate_id": "vectors_complete",
                  "requirement": "Each sample target vector must have 10 positive finite values.",
                  "failure_action": "Do not compute covariance."
              },
              {
                  "gate_id": "minimum_sample_count",
                  "requirement": "Micro probe may run with 12 samples, but must label output as tiny subset and rank-limited.",
                  "failure_action": "Do not call it final Planck reference uncertainty."
              },
              {
                  "gate_id": "rank_warning",
                  "requirement": "A 10-dimensional covariance from 12 samples is only a mechanics diagnostic and may be noisy/rank-limited.",
                  "failure_action": "Require larger sample expansion before any final RSD pressure."
              },
              {
                  "gate_id": "covariance_symmetry",
                  "requirement": "Computed C10 and C5 must be symmetric within numerical tolerance.",
                  "failure_action": "Repair covariance computation."
              },
              {
                  "gate_id": "positive_diagonal",
                  "requirement": "Computed covariance diagonal entries must be non-negative, preferably positive for varying quantities.",
                  "failure_action": "Inspect sample vectors and weights."
              }
          ]

          MICRO_COVARIANCE_PROBE_BOUNDARY = {
              "next_probe_allowed": True,
              "next_probe_name": "v4.92 reference uncertainty micro covariance probe",
              "allowed_to_compute_weighted_mean_next": True,
              "allowed_to_compute_tiny_subset_covariance_next": True,
              "allowed_to_call_it_final_reference_uncertainty": False,
              "allowed_to_compute_final_RSD_pressure": False,
              "allowed_to_run_likelihood_BIC_or_model_comparison": False,
              "reason": "The 12-sample microbatch can test the mechanics of weighted mean/covariance, but it is not large enough to represent full Planck posterior uncertainty."
          }

          BLOCKED_CLAIMS = [
              "Planck reference uncertainty is included.",
              "Planck reference uncertainty is computed.",
              "Full Planck chains were imported.",
              "Full Planck chain sample files were parsed.",
              "A full Planck posterior covariance was computed.",
              "A weighted covariance matrix was computed in v4.91.",
              "A weighted posterior mean vector was computed in v4.91.",
              "A final RSD pressure score was computed.",
              "A combined growth covariance was computed.",
              "The weighted covariance formula lock validates TAIRID cosmology.",
              "Standard cosmology is disproven.",
              "A likelihood, BIC, or posterior model comparison was run.",
              "The 12-sample microbatch is the same as full Planck reference uncertainty.",
              "The 12-sample covariance diagnostic will be enough for final RSD pressure.",
              "Formula lock output is already posterior covariance."
          ]

          NEXT_ROUTE_OPTIONS = [
              {
                  "priority": 1,
                  "route_id": "v4_92_reference_uncertainty_micro_covariance_probe",
                  "purpose": "Use the locked formulas to compute a tiny-subset weighted mean and covariance diagnostic from the 12 v4.90 output vectors.",
                  "why_next": "The formula path is now explicit, but still must be tested mechanically."
              },
              {
                  "priority": 2,
                  "route_id": "v4_93_bounded_larger_sample_parser_design",
                  "purpose": "Design expansion from 12 rows toward a larger bounded sample batch.",
                  "why_next": "Real reference uncertainty needs more than 12 sample rows."
              },
              {
                  "priority": 3,
                  "route_id": "v4_94_full_reference_uncertainty_scaling_plan",
                  "purpose": "Define how many chain rows/files are needed before a credible Planck reference covariance can be reported.",
                  "why_next": "The final reference covariance requires enough posterior support."
              },
              {
                  "priority": 4,
                  "route_id": "v4_95_ELG_or_WiggleZ_parallel_backlog",
                  "purpose": "Parallel route for parked growth-family incompleteness.",
                  "why_next": "ELG and WiggleZ remain incomplete."
              }
          ]

          failed_gates = []
          warnings = [
              "formula_lock_only",
              "no_weighted_mean_computed",
              "no_covariance_computed",
              "no_CAMB_run",
              "no_reference_uncertainty_computed",
              "no_final_RSD_pressure",
              "twelve_sample_covariance_will_be_rank_limited",
              "not_validation"
          ]

          required_positions = set(range(10))
          declared_positions = {row["position"] for row in OUTPUT_VECTOR_SCHEMA}
          fsigma8_positions = [row["position"] for row in OUTPUT_VECTOR_SCHEMA if row["quantity"] == "fsigma8"]
          sigma8_positions = [row["position"] for row in OUTPUT_VECTOR_SCHEMA if row["quantity"] == "sigma8z"]
          formulas_declared = {row["formula_id"] for row in WEIGHTED_FORMULA_CONTRACT}
          matrix_objects_declared = {row["object_name"] for row in MATRIX_OBJECT_CONTRACT}

          required_formulas = {
              "weight_total",
              "normalized_weight",
              "weighted_mean_vector",
              "weighted_population_covariance",
              "symmetrized_covariance",
              "effective_sample_size"
          }

          required_matrix_objects = {
              "full_target_matrix_X",
              "weight_vector_w",
              "weighted_mean_vector_mu",
              "weighted_covariance_C10",
              "fsigma8_mean_vector_mu5",
              "fsigma8_covariance_C5"
          }

          if UPSTREAM_LOCKS["v4_90_sample_packet_microbatch_solver_probe"]["sample_output_vectors_computed"] is not True:
              failed_gates.append("upstream_sample_output_vectors_not_computed")

          if UPSTREAM_LOCKS["v4_90_sample_packet_microbatch_solver_probe"]["weighted_covariance_matrix_computed"] is not False:
              failed_gates.append("upstream_covariance_boundary_not_carried")

          if declared_positions != required_positions:
              failed_gates.append("output_vector_positions_not_0_to_9")

          if fsigma8_positions != [1, 3, 5, 7, 9]:
              failed_gates.append("fsigma8_positions_not_locked_correctly")

          if sigma8_positions != [0, 2, 4, 6, 8]:
              failed_gates.append("sigma8_positions_not_locked_correctly")

          if formulas_declared != required_formulas:
              failed_gates.append("required_weighted_formulas_missing")

          if matrix_objects_declared != required_matrix_objects:
              failed_gates.append("required_matrix_objects_missing")

          if any(row["computed_now"] is not False for row in WEIGHTED_FORMULA_CONTRACT):
              failed_gates.append("formula_contract_marks_computation_too_early")

          if any(row["computed_now"] is not False for row in MATRIX_OBJECT_CONTRACT):
              failed_gates.append("matrix_object_marks_computation_too_early")

          if MICRO_COVARIANCE_PROBE_BOUNDARY["allowed_to_call_it_final_reference_uncertainty"] is not False:
              failed_gates.append("micro_probe_allowed_as_final_reference_uncertainty")

          if MICRO_COVARIANCE_PROBE_BOUNDARY["allowed_to_compute_final_RSD_pressure"] is not False:
              failed_gates.append("micro_probe_allowed_final_pressure_too_early")

          blocked_text = " | ".join(BLOCKED_CLAIMS).lower()
          for phrase in [
              "planck reference uncertainty is included",
              "full planck chains were imported",
              "weighted covariance matrix was computed in v4.91",
              "weighted posterior mean vector was computed in v4.91",
              "final rsd pressure score",
              "validates tairid cosmology",
              "12-sample covariance diagnostic will be enough for final rsd pressure",
              "formula lock output is already posterior covariance",
              "bic"
          ]:
              if phrase not in blocked_text:
                  failed_gates.append("blocked_claim_missing_" + phrase.replace(" ", "_"))

          route_decision = "weighted_covariance_formula_lock_passed_ready_for_reference_uncertainty_micro_covariance_probe"

          rule_results = [
              {
                  "rule_id": "workflow_name_sorts_top",
                  "pass": True,
                  "result": "workflow name begins with 000 TAIRID",
                  "boundary": "Navigation convenience only."
              },
              {
                  "rule_id": "node24_opt_in_preserved",
                  "pass": True,
                  "result": "FORCE_JAVASCRIPT_ACTIONS_TO_NODE24=true preserved",
                  "boundary": "Warning cleanup only."
              },
              {
                  "rule_id": "upstream_microbatch_outputs_carried",
                  "pass": UPSTREAM_LOCKS["v4_90_sample_packet_microbatch_solver_probe"]["sample_output_vector_count"] == 12,
                  "result": "12 sample output vectors carried from v4.90",
                  "boundary": "Carry-forward only."
              },
              {
                  "rule_id": "output_vector_schema_locked",
                  "pass": declared_positions == required_positions,
                  "result": "10-dimensional output vector positions locked",
                  "boundary": "No covariance computed."
              },
              {
                  "rule_id": "fsigma8_subvector_indexes_locked",
                  "pass": fsigma8_positions == [1, 3, 5, 7, 9],
                  "result": "fsigma8 positions are 1,3,5,7,9",
                  "boundary": "Subvector indexing only."
              },
              {
                  "rule_id": "weighted_formulas_declared",
                  "pass": formulas_declared == required_formulas,
                  "result": "weighted mean, covariance, symmetry cleanup, and effective sample size formulas declared",
                  "boundary": "Formula lock only."
              },
              {
                  "rule_id": "matrix_objects_declared",
                  "pass": matrix_objects_declared == required_matrix_objects,
                  "result": "X, w, mu, C10, mu5, and C5 objects declared",
                  "boundary": "No matrix values computed."
              },
              {
                  "rule_id": "quality_gates_declared",
                  "pass": len(QUALITY_GATES_FOR_NEXT_PROBE) >= 6,
                  "result": f"{len(QUALITY_GATES_FOR_NEXT_PROBE)} quality gates declared",
                  "boundary": "Next probe guardrails."
              },
              {
                  "rule_id": "no_formula_computation_now",
                  "pass": all(row["computed_now"] is False for row in WEIGHTED_FORMULA_CONTRACT),
                  "result": "formula values not computed in v4.91",
                  "boundary": "Formula lock only."
              },
              {
                  "rule_id": "no_covariance_computation_now",
                  "pass": all(row["computed_now"] is False for row in MATRIX_OBJECT_CONTRACT),
                  "result": "mean and covariance objects not computed in v4.91",
                  "boundary": "No reference uncertainty."
              },
              {
                  "rule_id": "micro_probe_boundary_preserved",
                  "pass": MICRO_COVARIANCE_PROBE_BOUNDARY["allowed_to_call_it_final_reference_uncertainty"] is False,
                  "result": "next micro covariance probe is not final Planck reference uncertainty",
                  "boundary": "No final pressure."
              },
              {
                  "rule_id": "blocked_claims_preserved",
                  "pass": len(BLOCKED_CLAIMS) >= 15,
                  "result": f"{len(BLOCKED_CLAIMS)} blocked claims preserved",
                  "boundary": "No validation or final score claim."
              },
              {
                  "rule_id": "route_decision_recorded",
                  "pass": route_decision != "",
                  "result": route_decision,
                  "boundary": "Route decision does not compute covariance."
              }
          ]

          if not all(row["pass"] for row in rule_results):
              failed_gates.append("not_all_v4_91_rules_passed")

          if failed_gates:
              readiness_label = "weighted_covariance_formula_lock_failed"
              next_allowed_step = "Repair formula/index/matrix-object contract before any covariance probe."
          else:
              readiness_label = route_decision
              next_allowed_step = (
                  "Proceed to v4.92 reference uncertainty micro covariance probe. "
                  "Do not compute final RSD pressure, BIC, likelihood, posterior comparison, or validation yet."
              )

          system_health = {
              "workflow_name_sort_prefix": "000 TAIRID",
              "node24_opt_in_added": True,
              "upstream_sample_output_vector_count": UPSTREAM_LOCKS["v4_90_sample_packet_microbatch_solver_probe"]["sample_output_vector_count"],
              "output_vector_dimension": len(OUTPUT_VECTOR_SCHEMA),
              "sigma8_positions": sigma8_positions,
              "fsigma8_positions": fsigma8_positions,
              "weighted_formula_count": len(WEIGHTED_FORMULA_CONTRACT),
              "matrix_object_count": len(MATRIX_OBJECT_CONTRACT),
              "quality_gate_count": len(QUALITY_GATES_FOR_NEXT_PROBE),
              "weighted_mean_vector_computed": False,
              "weighted_covariance_matrix_computed": False,
              "fsigma8_covariance_matrix_computed": False,
              "Planck_reference_uncertainty_computed": False,
              "fullGrid_downloaded": False,
              "full_chains_imported": False,
              "full_chain_sample_files_parsed": False,
              "combined_growth_covariance_computed": False,
              "final_RSD_pressure_score_computed": False,
              "TAIRID_validation_claim_allowed": False,
              "rule_pass_count": sum(1 for row in rule_results if row["pass"]),
              "rule_total_count": len(rule_results)
          }

          audit = {
              "run_id": RUN_ID,
              "created_at_utc": datetime.now(timezone.utc).isoformat(),
              "truth_boundary": TRUTH_BOUNDARY,
              "upstream_locks": UPSTREAM_LOCKS,
              "output_vector_schema": OUTPUT_VECTOR_SCHEMA,
              "weighted_formula_contract": WEIGHTED_FORMULA_CONTRACT,
              "matrix_object_contract": MATRIX_OBJECT_CONTRACT,
              "index_contract": INDEX_CONTRACT,
              "quality_gates_for_next_probe": QUALITY_GATES_FOR_NEXT_PROBE,
              "micro_covariance_probe_boundary": MICRO_COVARIANCE_PROBE_BOUNDARY,
              "blocked_claims": BLOCKED_CLAIMS,
              "next_route_options": NEXT_ROUTE_OPTIONS,
              "route_decision": route_decision,
              "rule_results": rule_results,
              "system_health": system_health,
              "gate_result": {
                  "failed_gates": sorted(set(failed_gates)),
                  "warnings": sorted(set(warnings)),
                  "readiness_label": readiness_label,
                  "next_allowed_step": next_allowed_step,
                  "weighted_mean_vector_computed": False,
                  "weighted_covariance_matrix_computed": False,
                  "Planck_reference_uncertainty_computed": False,
                  "combined_growth_covariance_computed": False,
                  "final_RSD_pressure_score_computed": False,
                  "TAIRID_validation_claim_allowed": False
              }
          }

          (OUTDIR / "tairid_v4_91_weighted_covariance_formula_lock.json").write_text(
              json.dumps(audit, indent=2, sort_keys=True),
              encoding="utf-8"
          )

          def write_csv(path, rows, fieldnames):
              with path.open("w", newline="", encoding="utf-8") as f:
                  writer = csv.DictWriter(f, fieldnames=fieldnames)
                  writer.writeheader()
                  for row in rows:
                      writer.writerow({key: row.get(key, "") for key in fieldnames})

          write_csv(
              OUTDIR / "output_vector_schema_v4_91.csv",
              OUTPUT_VECTOR_SCHEMA,
              ["position", "quantity", "z", "target_name", "fsigma8_only_index"]
          )

          write_csv(
              OUTDIR / "weighted_formula_contract_v4_91.csv",
              WEIGHTED_FORMULA_CONTRACT,
              ["formula_id", "symbolic_formula", "plain_language", "computed_now", "needed_for"]
          )

          write_csv(
              OUTDIR / "matrix_object_contract_v4_91.csv",
              MATRIX_OBJECT_CONTRACT,
              ["object_name", "shape", "contents", "computed_now", "source"]
          )

          write_csv(
              OUTDIR / "index_contract_v4_91.csv",
              INDEX_CONTRACT,
              ["index_role", "indexes", "meaning"]
          )

          write_csv(
              OUTDIR / "quality_gates_for_next_probe_v4_91.csv",
              QUALITY_GATES_FOR_NEXT_PROBE,
              ["gate_id", "requirement", "failure_action"]
          )

          write_csv(
              OUTDIR / "blocked_claims_v4_91.csv",
              [{"blocked_claim": claim} for claim in BLOCKED_CLAIMS],
              ["blocked_claim"]
          )

          write_csv(
              OUTDIR / "next_route_options_v4_91.csv",
              NEXT_ROUTE_OPTIONS,
              ["priority", "route_id", "purpose", "why_next"]
          )

          write_csv(
              OUTDIR / "rule_results_v4_91.csv",
              rule_results,
              ["rule_id", "pass", "result", "boundary"]
          )

          md = []
          md.append("# 000 TAIRID v4.91 — Weighted Covariance Formula Lock")
          md.append("")
          md.append(f"Created UTC: `{audit['created_at_utc']}`")
          md.append("")
          md.append("## Status")
          md.append("")
          md.append(f"Readiness label: `{readiness_label}`")
          md.append("")
          md.append(f"Failed gates: `{', '.join(sorted(set(failed_gates))) if failed_gates else 'none'}`")
          md.append("")
          md.append("## Plain-language result")
          md.append("")
          md.append("v4.90 produced 12 complete CAMB output vectors. v4.91 locks how those weighted vectors will be converted into a weighted mean and covariance in the next tiny diagnostic probe.")
          md.append("")
          md.append("This does not compute the weighted mean, covariance, Planck reference uncertainty, final RSD pressure, likelihood, BIC, posterior comparison, or TAIRID validation.")
          md.append("")
          md.append("## Locked formula path")
          md.append("")
          md.append("| Formula | Meaning |")
          md.append("|---|---|")
          for row in WEIGHTED_FORMULA_CONTRACT:
              md.append(f"| `{row['symbolic_formula']}` | {row['plain_language']} |")
          md.append("")
          md.append("## Index contract")
          md.append("")
          md.append("| Role | Indexes | Meaning |")
          md.append("|---|---|---|")
          for row in INDEX_CONTRACT:
              md.append(f"| `{row['index_role']}` | `{row['indexes']}` | {row['meaning']} |")
          md.append("")
          md.append("## Matrix objects")
          md.append("")
          md.append("| Object | Shape | Computed now |")
          md.append("|---|---|---|")
          for row in MATRIX_OBJECT_CONTRACT:
              md.append(f"| `{row['object_name']}` | `{row['shape']}` | `{row['computed_now']}` |")
          md.append("")
          md.append("## System health")
          md.append("")
          md.append("| Check | Value |")
          md.append("|---|---|")
          for key, value in system_health.items():
              md.append(f"| `{key}` | `{value}` |")
          md.append("")
          md.append("## Route decision")
          md.append("")
          md.append(f"`{route_decision}`")
          md.append("")
          md.append("## Next allowed step")
          md.append("")
          md.append(next_allowed_step)
          md.append("")
          md.append("## Files produced")
          md.append("")
          for filename in [
              "tairid_v4_91_weighted_covariance_formula_lock.json",
              "tairid_v4_91_weighted_covariance_formula_lock.md",
              "output_vector_schema_v4_91.csv",
              "weighted_formula_contract_v4_91.csv",
              "matrix_object_contract_v4_91.csv",
              "index_contract_v4_91.csv",
              "quality_gates_for_next_probe_v4_91.csv",
              "blocked_claims_v4_91.csv",
              "next_route_options_v4_91.csv",
              "rule_results_v4_91.csv"
          ]:
              md.append(f"- `{filename}`")

          (OUTDIR / "tairid_v4_91_weighted_covariance_formula_lock.md").write_text(
              "\n".join(md),
              encoding="utf-8"
          )

          print("Gate result:")
          print(json.dumps(audit["gate_result"], indent=2))
          print()
          print("System health:")
          print(json.dumps(system_health, indent=2))
          print()
          print("Wrote artifacts into:")
          print(f"  {OUTDIR}")

          if failed_gates:
              raise SystemExit(2)

          raise SystemExit(0)
          PY

      - name: Upload TAIRID v4.91 weighted covariance formula lock artifact
        if: always()
        uses: actions/upload-artifact@v4
        with:
          name: tairid-v4-91-weighted-covariance-formula-lock
          path: artifacts/tairid_v4_91_weighted_covariance_formula_lock/
